---
lockfileVersion: "9.0"

importers:
  .:
    configDependencies: {}
    packageManagerDependencies:
      "@pnpm/exe":
        specifier: 11.3.0
        version: 11.3.0
      pnpm:
        specifier: 11.3.0
        version: 11.3.0

packages:
  "@pnpm/exe@11.3.0":
    resolution: {
      integrity: sha512-1ItrG3GdA8HC7IUMy79SmYqynjjfwXtIMlbpx9MzrU3ZXMYMfw3yuwjIXW7Aw2z0rRxxa2KtTYcLxqjIaVjUmg==,
    }
    hasBin: true

  pnpm@11.3.0:
    resolution: { integrity: sha512-AAAA }
    hasBin: true

snapshots:
  "@pnpm/exe@11.3.0": {}

  pnpm@11.3.0: {}

---
lockfileVersion: "9.0"

settings:
  autoInstallPeers: true
  excludeLinksFromLockfile: false

importers:
  .:
    dependencies:
      effect:
        specifier: 4.0.0
        version: 4.0.0
    devDependencies:
      "@effect/vitest":
        specifier: 4.0.0
        version: 4.0.0(effect@4.0.0)(vitest@5.0.3)
      vitest:
        specifier: 5.0.3
        version: 5.0.3

packages:
  "@effect/vitest@4.0.0":
    resolution: { integrity: sha512-BBBB }
    peerDependencies:
      effect: ^4.0.0
      vitest: ^5.0.0

  effect@4.0.0:
    resolution: { integrity: sha512-CCCC }

  vitest@5.0.3:
    resolution: { integrity: sha512-DDDD }

snapshots:
  "@effect/vitest@4.0.0(effect@4.0.0)(vitest@5.0.3)":
    dependencies:
      effect: 4.0.0
      vitest: 5.0.3

  effect@4.0.0: {}

  vitest@5.0.3: {}
