{
  "nodes": {
    "comment-checker": {
      "inputs": {
        "nixpkgs": [
          "pnpm-release-management",
          "nixpkgs"
        ],
        "rust-overlay": "rust-overlay"
      },
      "locked": {
        "lastModified": 1790884787,
        "narHash": "sha256-XZz0bdSY5zjlRDme0dfC98oYcAf3WOpMCueoU39iXjY=",
        "owner": "systemfsoftware",
        "repo": "comment-checker",
        "rev": "3bfedd853c1d6dca666e65e71e9f8a31d47db336",
        "type": "github"
      },
      "original": {
        "owner": "systemfsoftware",
        "repo": "comment-checker",
        "type": "github"
      }
    },
    "nixpkgs": {
      "locked": {
        "lastModified": 1791179034,
        "narHash": "sha256-Ni0LBydzaCi8oek12r4mVreuFHqYlM1eTD6SfiENKfw=",
        "owner": "NixOS",
        "repo": "nixpkgs",
        "rev": "494ce7fd23ff6a5dff39e1fb11e9b6f2ac74bf25",
        "type": "github"
      },
      "original": {
        "owner": "NixOS",
        "repo": "nixpkgs",
        "rev": "494ce7fd23ff6a5dff39e1fb11e9b6f2ac74bf25",
        "type": "github"
      }
    },
    "pnpm-release-management": {
      "inputs": {
        "comment-checker": "comment-checker",
        "nixpkgs": [
          "nixpkgs"
        ]
      },
      "locked": {
        "lastModified": 1791289049,
        "narHash": "sha256-EaB7hYyD684/oCH9VgDiHcJw2vAuLf8InlZGFPxN2hE=",
        "owner": "systemfsoftware",
        "repo": "pnpm-release-management",
        "rev": "8f1984418fef130956a3d1f50dc471fd1984d2ec",
        "type": "github"
      },
      "original": {
        "owner": "systemfsoftware",
        "repo": "pnpm-release-management",
        "rev": "8f1984418fef130956a3d1f50dc471fd1984d2ec",
        "type": "github"
      }
    },
    "root": {
      "inputs": {
        "nixpkgs": "nixpkgs",
        "pnpm-release-management": "pnpm-release-management"
      }
    },
    "rust-overlay": {
      "inputs": {
        "nixpkgs": [
          "pnpm-release-management",
          "comment-checker",
          "nixpkgs"
        ]
      },
      "locked": {
        "lastModified": 1790756160,
        "narHash": "sha256-NPs4nNLxCpho3Ctj8O7t/bzmX0zR8r0zndKghAFEz5U=",
        "owner": "oxalica",
        "repo": "rust-overlay",
        "rev": "ed3a19fd0439ed618ec5fe1e12f0ba69a8be38b5",
        "type": "github"
      },
      "original": {
        "owner": "oxalica",
        "repo": "rust-overlay",
        "type": "github"
      }
    }
  },
  "root": "root",
  "version": 7
}
